// !$*UTF8*$!
{
	archiveVersion = 1;
	classes = {
	};
	objectVersion = 46;
	objects = {

/* Begin PBXBuildFile section */
		8A355E05162C483A00E93C03 /* Vision.txt in Resources */ = {isa = PBXBuildFile; fileRef = 8A355E04162C483A00E93C03 /* Vision.txt */; };
		8A6489FC160FB6C00099EBFA /* Cocoa.framework in Frameworks */ = {isa = PBXBuildFile; fileRef = 8A6489FB160FB6C00099EBFA /* Cocoa.framework */; };
		8A648A06160FB6C00099EBFA /* InfoPlist.strings in Resources */ = {isa = PBXBuildFile; fileRef = 8A648A04160FB6C00099EBFA /* InfoPlist.strings */; };
		8A648A08160FB6C00099EBFA /* main.m in Sources */ = {isa = PBXBuildFile; fileRef = 8A648A07160FB6C00099EBFA /* main.m */; };
		8A648A0C160FB6C00099EBFA /* Credits.rtf in Resources */ = {isa = PBXBuildFile; fileRef = 8A648A0A160FB6C00099EBFA /* Credits.rtf */; };
		8A648A0F160FB6C00099EBFA /* AppDelegate.m in Sources */ = {isa = PBXBuildFile; fileRef = 8A648A0E160FB6C00099EBFA /* AppDelegate.m */; };
		8A648A12160FB6C00099EBFA /* MainMenu.xib in Resources */ = {isa = PBXBuildFile; fileRef = 8A648A10160FB6C00099EBFA /* MainMenu.xib */; };
		8A648A1A160FB6C00099EBFA /* SenTestingKit.framework in Frameworks */ = {isa = PBXBuildFile; fileRef = 8A648A19160FB6C00099EBFA /* SenTestingKit.framework */; };
		8A648A1B160FB6C00099EBFA /* Cocoa.framework in Frameworks */ = {isa = PBXBuildFile; fileRef = 8A6489FB160FB6C00099EBFA /* Cocoa.framework */; };
		8A648A23160FB6C00099EBFA /* InfoPlist.strings in Resources */ = {isa = PBXBuildFile; fileRef = 8A648A21160FB6C00099EBFA /* InfoPlist.strings */; };
		8A648A26160FB6C00099EBFA /* Filter_ForgeTests.m in Sources */ = {isa = PBXBuildFile; fileRef = 8A648A25160FB6C00099EBFA /* Filter_ForgeTests.m */; };
		8A648A31160FB8CC0099EBFA /* FilterChain.m in Sources */ = {isa = PBXBuildFile; fileRef = 8A648A30160FB8CC0099EBFA /* FilterChain.m */; };
		8A648A38160FCE7B0099EBFA /* MainController.m in Sources */ = {isa = PBXBuildFile; fileRef = 8A648A37160FCE7B0099EBFA /* MainController.m */; };
		8A7DA764161C82CE005AAA4B /* MainView.m in Sources */ = {isa = PBXBuildFile; fileRef = 8A7DA763161C82CE005AAA4B /* MainView.m */; };
		8A9B737B162A28F600603927 /* lock_24x24.png in Resources */ = {isa = PBXBuildFile; fileRef = 8A9B737A162A28F600603927 /* lock_24x24.png */; };
		8AAAA89116514BD00073BF2C /* SettingsController.m in Sources */ = {isa = PBXBuildFile; fileRef = 8AAAA89016514BD00073BF2C /* SettingsController.m */; };
		8AAAA89316514F5D0073BF2C /* SettingsView.xib in Resources */ = {isa = PBXBuildFile; fileRef = 8AAAA89216514F5D0073BF2C /* SettingsView.xib */; };
		8AAD493616135B2300E92BDA /* Quartz.framework in Frameworks */ = {isa = PBXBuildFile; fileRef = 8AAD493516135B2300E92BDA /* Quartz.framework */; };
		8AF34C30161150FF00EBB017 /* QuartzCore.framework in Frameworks */ = {isa = PBXBuildFile; fileRef = 8AF34C2F161150FF00EBB017 /* QuartzCore.framework */; };
		8AF59D56165BEAB9006AD92D /* AlphaBlend.m in Sources */ = {isa = PBXBuildFile; fileRef = 8AF59D55165BEAB9006AD92D /* AlphaBlend.m */; };
		8AF59D57165D196D006AD92D /* AlphaBlend.m in Sources */ = {isa = PBXBuildFile; fileRef = 8AF59D55165BEAB9006AD92D /* AlphaBlend.m */; };
		8AF6FB8C163CD1B800BB6390 /* MaskToAlpha.cikernel in Resources */ = {isa = PBXBuildFile; fileRef = 8AF6FB8B163CD1B800BB6390 /* MaskToAlpha.cikernel */; };
		8AF6FB90163CD2F800BB6390 /* MaskToAlpha.m in Sources */ = {isa = PBXBuildFile; fileRef = 8AF6FB8F163CD2F800BB6390 /* MaskToAlpha.m */; };
/* End PBXBuildFile section */

/* Begin PBXContainerItemProxy section */
		8A648A1C160FB6C00099EBFA /* PBXContainerItemProxy */ = {
			isa = PBXContainerItemProxy;
			containerPortal = 8A6489EE160FB6C00099EBFA /* Project object */;
			proxyType = 1;
			remoteGlobalIDString = 8A6489F6160FB6C00099EBFA;
			remoteInfo = "Filter Forge";
		};
/* End PBXContainerItemProxy section */

/* Begin PBXFileReference section */
		8A355E04162C483A00E93C03 /* Vision.txt */ = {isa = PBXFileReference; fileEncoding = 4; lastKnownFileType = text; path = Vision.txt; sourceTree = "<group>"; };
		8A6489F7160FB6C00099EBFA /* Filter Forge.app */ = {isa = PBXFileReference; explicitFileType = wrapper.application; includeInIndex = 0; path = "Filter Forge.app"; sourceTree = BUILT_PRODUCTS_DIR; };
		8A6489FB160FB6C00099EBFA /* Cocoa.framework */ = {isa = PBXFileReference; lastKnownFileType = wrapper.framework; name = Cocoa.framework; path = System/Library/Frameworks/Cocoa.framework; sourceTree = SDKROOT; };
		8A6489FE160FB6C00099EBFA /* AppKit.framework */ = {isa = PBXFileReference; lastKnownFileType = wrapper.framework; name = AppKit.framework; path = System/Library/Frameworks/AppKit.framework; sourceTree = SDKROOT; };
		8A6489FF160FB6C00099EBFA /* CoreData.framework */ = {isa = PBXFileReference; lastKnownFileType = wrapper.framework; name = CoreData.framework; path = System/Library/Frameworks/CoreData.framework; sourceTree = SDKROOT; };
		8A648A00160FB6C00099EBFA /* Foundation.framework */ = {isa = PBXFileReference; lastKnownFileType = wrapper.framework; name = Foundation.framework; path = System/Library/Frameworks/Foundation.framework; sourceTree = SDKROOT; };
		8A648A03160FB6C00099EBFA /* Filter Forge-Info.plist */ = {isa = PBXFileReference; lastKnownFileType = text.plist.xml; path = "Filter Forge-Info.plist"; sourceTree = "<group>"; };
		8A648A05160FB6C00099EBFA /* en */ = {isa = PBXFileReference; lastKnownFileType = text.plist.strings; name = en; path = en.lproj/InfoPlist.strings; sourceTree = "<group>"; };
		8A648A07160FB6C00099EBFA /* main.m */ = {isa = PBXFileReference; lastKnownFileType = sourcecode.c.objc; path = main.m; sourceTree = "<group>"; };
		8A648A09160FB6C00099EBFA /* Filter Forge-Prefix.pch */ = {isa = PBXFileReference; lastKnownFileType = sourcecode.c.h; path = "Filter Forge-Prefix.pch"; sourceTree = "<group>"; };
		8A648A0B160FB6C00099EBFA /* en */ = {isa = PBXFileReference; lastKnownFileType = text.rtf; name = en; path = en.lproj/Credits.rtf; sourceTree = "<group>"; };
		8A648A0D160FB6C00099EBFA /* AppDelegate.h */ = {isa = PBXFileReference; lastKnownFileType = sourcecode.c.h; path = AppDelegate.h; sourceTree = "<group>"; };
		8A648A0E160FB6C00099EBFA /* AppDelegate.m */ = {isa = PBXFileReference; lastKnownFileType = sourcecode.c.objc; path = AppDelegate.m; sourceTree = "<group>"; };
		8A648A11160FB6C00099EBFA /* en */ = {isa = PBXFileReference; lastKnownFileType = file.xib; name = en; path = en.lproj/MainMenu.xib; sourceTree = "<group>"; };
		8A648A18160FB6C00099EBFA /* Filter ForgeTests.octest */ = {isa = PBXFileReference; explicitFileType = wrapper.cfbundle; includeInIndex = 0; path = "Filter ForgeTests.octest"; sourceTree = BUILT_PRODUCTS_DIR; };
		8A648A19160FB6C00099EBFA /* SenTestingKit.framework */ = {isa = PBXFileReference; lastKnownFileType = wrapper.framework; name = SenTestingKit.framework; path = Library/Frameworks/SenTestingKit.framework; sourceTree = DEVELOPER_DIR; };
		8A648A20160FB6C00099EBFA /* Filter ForgeTests-Info.plist */ = {isa = PBXFileReference; lastKnownFileType = text.plist.xml; path = "Filter ForgeTests-Info.plist"; sourceTree = "<group>"; };
		8A648A22160FB6C00099EBFA /* en */ = {isa = PBXFileReference; lastKnownFileType = text.plist.strings; name = en; path = en.lproj/InfoPlist.strings; sourceTree = "<group>"; };
		8A648A24160FB6C00099EBFA /* Filter_ForgeTests.h */ = {isa = PBXFileReference; lastKnownFileType = sourcecode.c.h; path = Filter_ForgeTests.h; sourceTree = "<group>"; };
		8A648A25160FB6C00099EBFA /* Filter_ForgeTests.m */ = {isa = PBXFileReference; lastKnownFileType = sourcecode.c.objc; path = Filter_ForgeTests.m; sourceTree = "<group>"; };
		8A648A2F160FB8CC0099EBFA /* FilterChain.h */ = {isa = PBXFileReference; fileEncoding = 4; lastKnownFileType = sourcecode.c.h; name = FilterChain.h; path = src/FilterChain.h; sourceTree = "<group>"; };
		8A648A30160FB8CC0099EBFA /* FilterChain.m */ = {isa = PBXFileReference; fileEncoding = 4; lastKnownFileType = sourcecode.c.objc; name = FilterChain.m; path = src/FilterChain.m; sourceTree = "<group>"; };
		8A648A36160FCE7B0099EBFA /* MainController.h */ = {isa = PBXFileReference; fileEncoding = 4; lastKnownFileType = sourcecode.c.h; name = MainController.h; path = src/MainController.h; sourceTree = "<group>"; };
		8A648A37160FCE7B0099EBFA /* MainController.m */ = {isa = PBXFileReference; fileEncoding = 4; lastKnownFileType = sourcecode.c.objc; name = MainController.m; path = src/MainController.m; sourceTree = "<group>"; };
		8A7DA762161C82CE005AAA4B /* MainView.h */ = {isa = PBXFileReference; fileEncoding = 4; lastKnownFileType = sourcecode.c.h; path = MainView.h; sourceTree = "<group>"; };
		8A7DA763161C82CE005AAA4B /* MainView.m */ = {isa = PBXFileReference; fileEncoding = 4; lastKnownFileType = sourcecode.c.objc; path = MainView.m; sourceTree = "<group>"; };
		8A9B737A162A28F600603927 /* lock_24x24.png */ = {isa = PBXFileReference; lastKnownFileType = image.png; path = lock_24x24.png; sourceTree = "<group>"; };
		8AAAA88F16514BD00073BF2C /* SettingsController.h */ = {isa = PBXFileReference; fileEncoding = 4; lastKnownFileType = sourcecode.c.h; path = SettingsController.h; sourceTree = "<group>"; };
		8AAAA89016514BD00073BF2C /* SettingsController.m */ = {isa = PBXFileReference; fileEncoding = 4; lastKnownFileType = sourcecode.c.objc; path = SettingsController.m; sourceTree = "<group>"; };
		8AAAA89216514F5D0073BF2C /* SettingsView.xib */ = {isa = PBXFileReference; fileEncoding = 4; lastKnownFileType = file.xib; path = SettingsView.xib; sourceTree = "<group>"; };
		8AAD493216135AF600E92BDA /* ImageIO.framework */ = {isa = PBXFileReference; lastKnownFileType = wrapper.framework; name = ImageIO.framework; path = System/Library/Frameworks/ImageIO.framework; sourceTree = SDKROOT; };
		8AAD493516135B2300E92BDA /* Quartz.framework */ = {isa = PBXFileReference; lastKnownFileType = wrapper.framework; name = Quartz.framework; path = System/Library/Frameworks/Quartz.framework; sourceTree = SDKROOT; };
		8AF34C2F161150FF00EBB017 /* QuartzCore.framework */ = {isa = PBXFileReference; lastKnownFileType = wrapper.framework; name = QuartzCore.framework; path = System/Library/Frameworks/QuartzCore.framework; sourceTree = SDKROOT; };
		8AF59D54165BEAB9006AD92D /* AlphaBlend.h */ = {isa = PBXFileReference; fileEncoding = 4; lastKnownFileType = sourcecode.c.h; path = AlphaBlend.h; sourceTree = "<group>"; };
		8AF59D55165BEAB9006AD92D /* AlphaBlend.m */ = {isa = PBXFileReference; fileEncoding = 4; lastKnownFileType = sourcecode.c.objc; path = AlphaBlend.m; sourceTree = "<group>"; };
		8AF6FB8B163CD1B800BB6390 /* MaskToAlpha.cikernel */ = {isa = PBXFileReference; fileEncoding = 4; lastKnownFileType = text; name = MaskToAlpha.cikernel; path = src/MaskToAlpha.cikernel; sourceTree = "<group>"; };
		8AF6FB8E163CD2F800BB6390 /* MaskToAlpha.h */ = {isa = PBXFileReference; fileEncoding = 4; lastKnownFileType = sourcecode.c.h; path = MaskToAlpha.h; sourceTree = "<group>"; };
		8AF6FB8F163CD2F800BB6390 /* MaskToAlpha.m */ = {isa = PBXFileReference; fileEncoding = 4; lastKnownFileType = sourcecode.c.objc; path = MaskToAlpha.m; sourceTree = "<group>"; };
/* End PBXFileReference section */

/* Begin PBXFrameworksBuildPhase section */
		8A6489F4160FB6C00099EBFA /* Frameworks */ = {
			isa = PBXFrameworksBuildPhase;
			buildActionMask = 2147483647;
			files = (
				8AAD493616135B2300E92BDA /* Quartz.framework in Frameworks */,
				8AF34C30161150FF00EBB017 /* QuartzCore.framework in Frameworks */,
				8A6489FC160FB6C00099EBFA /* Cocoa.framework in Frameworks */,
			);
			runOnlyForDeploymentPostprocessing = 0;
		};
		8A648A14160FB6C00099EBFA /* Frameworks */ = {
			isa = PBXFrameworksBuildPhase;
			buildActionMask = 2147483647;
			files = (
				8A648A1A160FB6C00099EBFA /* SenTestingKit.framework in Frameworks */,
				8A648A1B160FB6C00099EBFA /* Cocoa.framework in Frameworks */,
			);
			runOnlyForDeploymentPostprocessing = 0;
		};
/* End PBXFrameworksBuildPhase section */

/* Begin PBXGroup section */
		8A6489EC160FB6C00099EBFA = {
			isa = PBXGroup;
			children = (
				8AAD493516135B2300E92BDA /* Quartz.framework */,
				8AAD493216135AF600E92BDA /* ImageIO.framework */,
				8AF34C2F161150FF00EBB017 /* QuartzCore.framework */,
				8A648A01160FB6C00099EBFA /* Filter Forge */,
				8A648A1E160FB6C00099EBFA /* Filter ForgeTests */,
				8A6489FA160FB6C00099EBFA /* Frameworks */,
				8A6489F8160FB6C00099EBFA /* Products */,
			);
			sourceTree = "<group>";
		};
		8A6489F8160FB6C00099EBFA /* Products */ = {
			isa = PBXGroup;
			children = (
				8A6489F7160FB6C00099EBFA /* Filter Forge.app */,
				8A648A18160FB6C00099EBFA /* Filter ForgeTests.octest */,
			);
			name = Products;
			sourceTree = "<group>";
		};
		8A6489FA160FB6C00099EBFA /* Frameworks */ = {
			isa = PBXGroup;
			children = (
				8A6489FB160FB6C00099EBFA /* Cocoa.framework */,
				8A648A19160FB6C00099EBFA /* SenTestingKit.framework */,
				8A6489FD160FB6C00099EBFA /* Other Frameworks */,
			);
			name = Frameworks;
			sourceTree = "<group>";
		};
		8A6489FD160FB6C00099EBFA /* Other Frameworks */ = {
			isa = PBXGroup;
			children = (
				8A6489FE160FB6C00099EBFA /* AppKit.framework */,
				8A6489FF160FB6C00099EBFA /* CoreData.framework */,
				8A648A00160FB6C00099EBFA /* Foundation.framework */,
			);
			name = "Other Frameworks";
			sourceTree = "<group>";
		};
		8A648A01160FB6C00099EBFA /* Filter Forge */ = {
			isa = PBXGroup;
			children = (
				8A9B737C162A290100603927 /* artwork */,
				8AF6FB91163CD4B800BB6390 /* Kernels */,
				8A648A39160FD10A0099EBFA /* Model */,
				8AF34C2A1610A52C00EBB017 /* View */,
				8A648A3A160FD1140099EBFA /* Controller */,
				8A648A02160FB6C00099EBFA /* Supporting Files */,
			);
			path = "Filter Forge";
			sourceTree = "<group>";
		};
		8A648A02160FB6C00099EBFA /* Supporting Files */ = {
			isa = PBXGroup;
			children = (
				8A648A03160FB6C00099EBFA /* Filter Forge-Info.plist */,
				8A648A04160FB6C00099EBFA /* InfoPlist.strings */,
				8A648A07160FB6C00099EBFA /* main.m */,
				8A648A09160FB6C00099EBFA /* Filter Forge-Prefix.pch */,
				8A648A0A160FB6C00099EBFA /* Credits.rtf */,
				8A355E04162C483A00E93C03 /* Vision.txt */,
			);
			name = "Supporting Files";
			sourceTree = "<group>";
		};
		8A648A1E160FB6C00099EBFA /* Filter ForgeTests */ = {
			isa = PBXGroup;
			children = (
				8A648A24160FB6C00099EBFA /* Filter_ForgeTests.h */,
				8A648A25160FB6C00099EBFA /* Filter_ForgeTests.m */,
				8A648A1F160FB6C00099EBFA /* Supporting Files */,
			);
			path = "Filter ForgeTests";
			sourceTree = "<group>";
		};
		8A648A1F160FB6C00099EBFA /* Supporting Files */ = {
			isa = PBXGroup;
			children = (
				8A648A20160FB6C00099EBFA /* Filter ForgeTests-Info.plist */,
				8A648A21160FB6C00099EBFA /* InfoPlist.strings */,
			);
			name = "Supporting Files";
			sourceTree = "<group>";
		};
		8A648A39160FD10A0099EBFA /* Model */ = {
			isa = PBXGroup;
			children = (
				8AF59D54165BEAB9006AD92D /* AlphaBlend.h */,
				8AF59D55165BEAB9006AD92D /* AlphaBlend.m */,
				8A648A2F160FB8CC0099EBFA /* FilterChain.h */,
				8A648A30160FB8CC0099EBFA /* FilterChain.m */,
				8AF6FB8E163CD2F800BB6390 /* MaskToAlpha.h */,
				8AF6FB8F163CD2F800BB6390 /* MaskToAlpha.m */,
			);
			name = Model;
			sourceTree = "<group>";
		};
		8A648A3A160FD1140099EBFA /* Controller */ = {
			isa = PBXGroup;
			children = (
				8A648A0D160FB6C00099EBFA /* AppDelegate.h */,
				8A648A0E160FB6C00099EBFA /* AppDelegate.m */,
				8A648A36160FCE7B0099EBFA /* MainController.h */,
				8A648A37160FCE7B0099EBFA /* MainController.m */,
				8AAAA88F16514BD00073BF2C /* SettingsController.h */,
				8AAAA89016514BD00073BF2C /* SettingsController.m */,
			);
			name = Controller;
			sourceTree = "<group>";
		};
		8A9B737C162A290100603927 /* artwork */ = {
			isa = PBXGroup;
			children = (
				8A9B737A162A28F600603927 /* lock_24x24.png */,
			);
			name = artwork;
			sourceTree = "<group>";
		};
		8AF34C2A1610A52C00EBB017 /* View */ = {
			isa = PBXGroup;
			children = (
				8A648A10160FB6C00099EBFA /* MainMenu.xib */,
				8A7DA762161C82CE005AAA4B /* MainView.h */,
				8A7DA763161C82CE005AAA4B /* MainView.m */,
				8AAAA89216514F5D0073BF2C /* SettingsView.xib */,
			);
			name = View;
			sourceTree = "<group>";
		};
		8AF6FB91163CD4B800BB6390 /* Kernels */ = {
			isa = PBXGroup;
			children = (
				8AF6FB8B163CD1B800BB6390 /* MaskToAlpha.cikernel */,
			);
			name = Kernels;
			sourceTree = "<group>";
		};
/* End PBXGroup section */

/* Begin PBXNativeTarget section */
		8A6489F6160FB6C00099EBFA /* Filter Forge */ = {
			isa = PBXNativeTarget;
			buildConfigurationList = 8A648A29160FB6C00099EBFA /* Build configuration list for PBXNativeTarget "Filter Forge" */;
			buildPhases = (
				8A6489F3160FB6C00099EBFA /* Sources */,
				8A6489F4160FB6C00099EBFA /* Frameworks */,
				8A6489F5160FB6C00099EBFA /* Resources */,
			);
			buildRules = (
			);
			dependencies = (
			);
			name = "Filter Forge";
			productName = "Filter Forge";
			productReference = 8A6489F7160FB6C00099EBFA /* Filter Forge.app */;
			productType = "com.apple.product-type.application";
		};
		8A648A17160FB6C00099EBFA /* Filter ForgeTests */ = {
			isa = PBXNativeTarget;
			buildConfigurationList = 8A648A2C160FB6C00099EBFA /* Build configuration list for PBXNativeTarget "Filter ForgeTests" */;
			buildPhases = (
				8A648A13160FB6C00099EBFA /* Sources */,
				8A648A14160FB6C00099EBFA /* Frameworks */,
				8A648A15160FB6C00099EBFA /* Resources */,
				8A648A16160FB6C00099EBFA /* ShellScript */,
			);
			buildRules = (
			);
			dependencies = (
				8A648A1D160FB6C00099EBFA /* PBXTargetDependency */,
			);
			name = "Filter ForgeTests";
			productName = "Filter ForgeTests";
			productReference = 8A648A18160FB6C00099EBFA /* Filter ForgeTests.octest */;
			productType = "com.apple.product-type.bundle";
		};
/* End PBXNativeTarget section */

/* Begin PBXProject section */
		8A6489EE160FB6C00099EBFA /* Project object */ = {
			isa = PBXProject;
			attributes = {
				CLASSPREFIX = BES;
				LastUpgradeCheck = 0450;
				ORGANIZATIONNAME = "Blue Eagle Software";
			};
			buildConfigurationList = 8A6489F1160FB6C00099EBFA /* Build configuration list for PBXProject "Filter Forge" */;
			compatibilityVersion = "Xcode 3.2";
			developmentRegion = English;
			hasScannedForEncodings = 0;
			knownRegions = (
				en,
			);
			mainGroup = 8A6489EC160FB6C00099EBFA;
			productRefGroup = 8A6489F8160FB6C00099EBFA /* Products */;
			projectDirPath = "";
			projectRoot = "";
			targets = (
				8A6489F6160FB6C00099EBFA /* Filter Forge */,
				8A648A17160FB6C00099EBFA /* Filter ForgeTests */,
			);
		};
/* End PBXProject section */

/* Begin PBXResourcesBuildPhase section */
		8A6489F5160FB6C00099EBFA /* Resources */ = {
			isa = PBXResourcesBuildPhase;
			buildActionMask = 2147483647;
			files = (
				8A648A06160FB6C00099EBFA /* InfoPlist.strings in Resources */,
				8A648A0C160FB6C00099EBFA /* Credits.rtf in Resources */,
				8A648A12160FB6C00099EBFA /* MainMenu.xib in Resources */,
				8A9B737B162A28F600603927 /* lock_24x24.png in Resources */,
				8A355E05162C483A00E93C03 /* Vision.txt in Resources */,
				8AF6FB8C163CD1B800BB6390 /* MaskToAlpha.cikernel in Resources */,
				8AAAA89316514F5D0073BF2C /* SettingsView.xib in Resources */,
			);
			runOnlyForDeploymentPostprocessing = 0;
		};
		8A648A15160FB6C00099EBFA /* Resources */ = {
			isa = PBXResourcesBuildPhase;
			buildActionMask = 2147483647;
			files = (
				8A648A23160FB6C00099EBFA /* InfoPlist.strings in Resources */,
			);
			runOnlyForDeploymentPostprocessing = 0;
		};
/* End PBXResourcesBuildPhase section */

/* Begin PBXShellScriptBuildPhase section */
		8A648A16160FB6C00099EBFA /* ShellScript */ = {
			isa = PBXShellScriptBuildPhase;
			buildActionMask = 2147483647;
			files = (
			);
			inputPaths = (
			);
			outputPaths = (
			);
			runOnlyForDeploymentPostprocessing = 0;
			shellPath = /bin/sh;
			shellScript = "# Run the unit tests in this test bundle.\n\"${SYSTEM_DEVELOPER_DIR}/Tools/RunUnitTests\"\n";
		};
/* End PBXShellScriptBuildPhase section */

/* Begin PBXSourcesBuildPhase section */
		8A6489F3160FB6C00099EBFA /* Sources */ = {
			isa = PBXSourcesBuildPhase;
			buildActionMask = 2147483647;
			files = (
				8AF59D57165D196D006AD92D /* AlphaBlend.m in Sources */,
				8A648A08160FB6C00099EBFA /* main.m in Sources */,
				8A648A0F160FB6C00099EBFA /* AppDelegate.m in Sources */,
				8A648A31160FB8CC0099EBFA /* FilterChain.m in Sources */,
				8A648A38160FCE7B0099EBFA /* MainController.m in Sources */,
				8A7DA764161C82CE005AAA4B /* MainView.m in Sources */,
				8AF6FB90163CD2F800BB6390 /* MaskToAlpha.m in Sources */,
				8AAAA89116514BD00073BF2C /* SettingsController.m in Sources */,
			);
			runOnlyForDeploymentPostprocessing = 0;
		};
		8A648A13160FB6C00099EBFA /* Sources */ = {
			isa = PBXSourcesBuildPhase;
			buildActionMask = 2147483647;
			files = (
				8A648A26160FB6C00099EBFA /* Filter_ForgeTests.m in Sources */,
				8AF59D56165BEAB9006AD92D /* AlphaBlend.m in Sources */,
			);
			runOnlyForDeploymentPostprocessing = 0;
		};
/* End PBXSourcesBuildPhase section */

/* Begin PBXTargetDependency section */
		8A648A1D160FB6C00099EBFA /* PBXTargetDependency */ = {
			isa = PBXTargetDependency;
			target = 8A6489F6160FB6C00099EBFA /* Filter Forge */;
			targetProxy = 8A648A1C160FB6C00099EBFA /* PBXContainerItemProxy */;
		};
/* End PBXTargetDependency section */

/* Begin PBXVariantGroup section */
		8A648A04160FB6C00099EBFA /* InfoPlist.strings */ = {
			isa = PBXVariantGroup;
			children = (
				8A648A05160FB6C00099EBFA /* en */,
			);
			name = InfoPlist.strings;
			sourceTree = "<group>";
		};
		8A648A0A160FB6C00099EBFA /* Credits.rtf */ = {
			isa = PBXVariantGroup;
			children = (
				8A648A0B160FB6C00099EBFA /* en */,
			);
			name = Credits.rtf;
			sourceTree = "<group>";
		};
		8A648A10160FB6C00099EBFA /* MainMenu.xib */ = {
			isa = PBXVariantGroup;
			children = (
				8A648A11160FB6C00099EBFA /* en */,
			);
			name = MainMenu.xib;
			sourceTree = "<group>";
		};
		8A648A21160FB6C00099EBFA /* InfoPlist.strings */ = {
			isa = PBXVariantGroup;
			children = (
				8A648A22160FB6C00099EBFA /* en */,
			);
			name = InfoPlist.strings;
			sourceTree = "<group>";
		};
/* End PBXVariantGroup section */

/* Begin XCBuildConfiguration section */
		8A648A27160FB6C00099EBFA /* Debug */ = {
			isa = XCBuildConfiguration;
			buildSettings = {
				ALWAYS_SEARCH_USER_PATHS = NO;
				ARCHS = "$(ARCHS_STANDARD_64_BIT)";
				CLANG_CXX_LANGUAGE_STANDARD = "gnu++0x";
				CLANG_CXX_LIBRARY = "libc++";
				CLANG_ENABLE_OBJC_ARC = YES;
				CLANG_WARN_EMPTY_BODY = YES;
				CLANG_WARN__DUPLICATE_METHOD_MATCH = YES;
				COPY_PHASE_STRIP = NO;
				GCC_C_LANGUAGE_STANDARD = gnu99;
				GCC_DYNAMIC_NO_PIC = NO;
				GCC_ENABLE_OBJC_EXCEPTIONS = YES;
				GCC_OPTIMIZATION_LEVEL = 0;
				GCC_PREPROCESSOR_DEFINITIONS = (
					"DEBUG=1",
					"$(inherited)",
				);
				GCC_SYMBOLS_PRIVATE_EXTERN = NO;
				GCC_WARN_64_TO_32_BIT_CONVERSION = YES;
				GCC_WARN_ABOUT_RETURN_TYPE = YES;
				GCC_WARN_UNINITIALIZED_AUTOS = YES;
				GCC_WARN_UNUSED_VARIABLE = YES;
				MACOSX_DEPLOYMENT_TARGET = 10.8;
				ONLY_ACTIVE_ARCH = YES;
				SDKROOT = macosx;
			};
			name = Debug;
		};
		8A648A28160FB6C00099EBFA /* Release */ = {
			isa = XCBuildConfiguration;
			buildSettings = {
				ALWAYS_SEARCH_USER_PATHS = NO;
				ARCHS = "$(ARCHS_STANDARD_64_BIT)";
				CLANG_CXX_LANGUAGE_STANDARD = "gnu++0x";
				CLANG_CXX_LIBRARY = "libc++";
				CLANG_ENABLE_OBJC_ARC = YES;
				CLANG_WARN_EMPTY_BODY = YES;
				CLANG_WARN__DUPLICATE_METHOD_MATCH = YES;
				COPY_PHASE_STRIP = YES;
				DEBUG_INFORMATION_FORMAT = "dwarf-with-dsym";
				GCC_C_LANGUAGE_STANDARD = gnu99;
				GCC_ENABLE_OBJC_EXCEPTIONS = YES;
				GCC_WARN_64_TO_32_BIT_CONVERSION = YES;
				GCC_WARN_ABOUT_RETURN_TYPE = YES;
				GCC_WARN_UNINITIALIZED_AUTOS = YES;
				GCC_WARN_UNUSED_VARIABLE = YES;
				MACOSX_DEPLOYMENT_TARGET = 10.8;
				SDKROOT = macosx;
			};
			name = Release;
		};
		8A648A2A160FB6C00099EBFA /* Debug */ = {
			isa = XCBuildConfiguration;
			buildSettings = {
				COMBINE_HIDPI_IMAGES = YES;
				GCC_PRECOMPILE_PREFIX_HEADER = YES;
				GCC_PREFIX_HEADER = "Filter Forge/Filter Forge-Prefix.pch";
				INFOPLIST_FILE = "Filter Forge/Filter Forge-Info.plist";
				PRODUCT_NAME = "$(TARGET_NAME)";
				WRAPPER_EXTENSION = app;
			};
			name = Debug;
		};
		8A648A2B160FB6C00099EBFA /* Release */ = {
			isa = XCBuildConfiguration;
			buildSettings = {
				COMBINE_HIDPI_IMAGES = YES;
				GCC_PRECOMPILE_PREFIX_HEADER = YES;
				GCC_PREFIX_HEADER = "Filter Forge/Filter Forge-Prefix.pch";
				INFOPLIST_FILE = "Filter Forge/Filter Forge-Info.plist";
				PRODUCT_NAME = "$(TARGET_NAME)";
				WRAPPER_EXTENSION = app;
			};
			name = Release;
		};
		8A648A2D160FB6C00099EBFA /* Debug */ = {
			isa = XCBuildConfiguration;
			buildSettings = {
				BUNDLE_LOADER = "$(BUILT_PRODUCTS_DIR)/Filter Forge.app/Contents/MacOS/Filter Forge";
				COMBINE_HIDPI_IMAGES = YES;
				FRAMEWORK_SEARCH_PATHS = "\"$(DEVELOPER_LIBRARY_DIR)/Frameworks\"";
				GCC_PRECOMPILE_PREFIX_HEADER = YES;
				GCC_PREFIX_HEADER = "Filter Forge/Filter Forge-Prefix.pch";
				INFOPLIST_FILE = "Filter ForgeTests/Filter ForgeTests-Info.plist";
				PRODUCT_NAME = "$(TARGET_NAME)";
				TEST_HOST = "$(BUNDLE_LOADER)";
				WRAPPER_EXTENSION = octest;
			};
			name = Debug;
		};
		8A648A2E160FB6C00099EBFA /* Release */ = {
			isa = XCBuildConfiguration;
			buildSettings = {
				BUNDLE_LOADER = "$(BUILT_PRODUCTS_DIR)/Filter Forge.app/Contents/MacOS/Filter Forge";
				COMBINE_HIDPI_IMAGES = YES;
				FRAMEWORK_SEARCH_PATHS = "\"$(DEVELOPER_LIBRARY_DIR)/Frameworks\"";
				GCC_PRECOMPILE_PREFIX_HEADER = YES;
				GCC_PREFIX_HEADER = "Filter Forge/Filter Forge-Prefix.pch";
				INFOPLIST_FILE = "Filter ForgeTests/Filter ForgeTests-Info.plist";
				PRODUCT_NAME = "$(TARGET_NAME)";
				TEST_HOST = "$(BUNDLE_LOADER)";
				WRAPPER_EXTENSION = octest;
			};
			name = Release;
		};
/* End XCBuildConfiguration section */

/* Begin XCConfigurationList section */
		8A6489F1160FB6C00099EBFA /* Build configuration list for PBXProject "Filter Forge" */ = {
			isa = XCConfigurationList;
			buildConfigurations = (
				8A648A27160FB6C00099EBFA /* Debug */,
				8A648A28160FB6C00099EBFA /* Release */,
			);
			defaultConfigurationIsVisible = 0;
			defaultConfigurationName = Release;
		};
		8A648A29160FB6C00099EBFA /* Build configuration list for PBXNativeTarget "Filter Forge" */ = {
			isa = XCConfigurationList;
			buildConfigurations = (
				8A648A2A160FB6C00099EBFA /* Debug */,
				8A648A2B160FB6C00099EBFA /* Release */,
			);
			defaultConfigurationIsVisible = 0;
			defaultConfigurationName = Release;
		};
		8A648A2C160FB6C00099EBFA /* Build configuration list for PBXNativeTarget "Filter ForgeTests" */ = {
			isa = XCConfigurationList;
			buildConfigurations = (
				8A648A2D160FB6C00099EBFA /* Debug */,
				8A648A2E160FB6C00099EBFA /* Release */,
			);
			defaultConfigurationIsVisible = 0;
			defaultConfigurationName = Release;
		};
/* End XCConfigurationList section */
	};
	rootObject = 8A6489EE160FB6C00099EBFA /* Project object */;
}
